// !$*UTF8*$!
{
	archiveVersion = 1;
	classes = {
	};
	objectVersion = 51;
	objects = {

/* Begin PBXBuildFile section */
		01B466676F694D7520022E8A /* Pods_ExampleMC3Projects.framework in Frameworks */ = {isa = PBXBuildFile; fileRef = 74449FF6A411F02C04CA3A13 /* Pods_ExampleMC3Projects.framework */; };
		43ECCC587BAFA5835F6E797F /* Pods_ExampleMC3Projects_SampleWidget.framework in Frameworks */ = {isa = PBXBuildFile; fileRef = E99D1C705280B715B273FF47 /* Pods_ExampleMC3Projects_SampleWidget.framework */; };
		4C696B991184315F882A44A8 /* Pods_ExampleMC3ProjectsTests.framework in Frameworks */ = {isa = PBXBuildFile; fileRef = 5076D26FD9E8DA7800B2E01B /* Pods_ExampleMC3ProjectsTests.framework */; };
		C362FA8DB96866361D01A074 /* Pods_ExampleMC3Projects_ExampleMC3ProjectsUITests.framework in Frameworks */ = {isa = PBXBuildFile; fileRef = FDC0710E4D53CF04FB0DF2DF /* Pods_ExampleMC3Projects_ExampleMC3ProjectsUITests.framework */; };
		D71C812724D164470076019C /* NotificationCenter.framework in Frameworks */ = {isa = PBXBuildFile; fileRef = D71C812624D164470076019C /* NotificationCenter.framework */; };
		D71C812A24D164470076019C /* TodayViewController.swift in Sources */ = {isa = PBXBuildFile; fileRef = D71C812924D164470076019C /* TodayViewController.swift */; };
		D71C812D24D164470076019C /* MainInterface.storyboard in Resources */ = {isa = PBXBuildFile; fileRef = D71C812B24D164470076019C /* MainInterface.storyboard */; };
		D71C813124D164470076019C /* SampleWidget.appex in Embed App Extensions */ = {isa = PBXBuildFile; fileRef = D71C812524D164470076019C /* SampleWidget.appex */; settings = {ATTRIBUTES = (RemoveHeadersOnCopy, ); }; };
		D79E400E24D538DF00C8C7E4 /* ding.m4a in Resources */ = {isa = PBXBuildFile; fileRef = D79E400D24D538DF00C8C7E4 /* ding.m4a */; };
		D7AE187B24D0738A00243E1F /* AppDelegate.swift in Sources */ = {isa = PBXBuildFile; fileRef = D7AE187A24D0738A00243E1F /* AppDelegate.swift */; };
		D7AE187D24D0738A00243E1F /* SceneDelegate.swift in Sources */ = {isa = PBXBuildFile; fileRef = D7AE187C24D0738A00243E1F /* SceneDelegate.swift */; };
		D7AE187F24D0738A00243E1F /* SampleAudioMaximumVolumeAndBackgroundController.swift in Sources */ = {isa = PBXBuildFile; fileRef = D7AE187E24D0738A00243E1F /* SampleAudioMaximumVolumeAndBackgroundController.swift */; };
		D7AE188524D0738A00243E1F /* ExampleMC3Projects.xcdatamodeld in Sources */ = {isa = PBXBuildFile; fileRef = D7AE188324D0738A00243E1F /* ExampleMC3Projects.xcdatamodeld */; };
		D7AE188724D0738C00243E1F /* Assets.xcassets in Resources */ = {isa = PBXBuildFile; fileRef = D7AE188624D0738C00243E1F /* Assets.xcassets */; };
		D7AE188A24D0738C00243E1F /* LaunchScreen.storyboard in Resources */ = {isa = PBXBuildFile; fileRef = D7AE188824D0738C00243E1F /* LaunchScreen.storyboard */; };
		D7AE189524D0738C00243E1F /* ExampleMC3ProjectsTests.swift in Sources */ = {isa = PBXBuildFile; fileRef = D7AE189424D0738C00243E1F /* ExampleMC3ProjectsTests.swift */; };
		D7AE18A024D0738C00243E1F /* ExampleMC3ProjectsUITests.swift in Sources */ = {isa = PBXBuildFile; fileRef = D7AE189F24D0738C00243E1F /* ExampleMC3ProjectsUITests.swift */; };
		D7AE18AF24D112C200243E1F /* audiosample.m4a in Resources */ = {isa = PBXBuildFile; fileRef = D7AE18AE24D112C200243E1F /* audiosample.m4a */; };
		D7AE18B224D11B5900243E1F /* MainController.swift in Sources */ = {isa = PBXBuildFile; fileRef = D7AE18B124D11B5900243E1F /* MainController.swift */; };
		D7AE18B424D1255B00243E1F /* SampleFlashLightController.swift in Sources */ = {isa = PBXBuildFile; fileRef = D7AE18B324D1255B00243E1F /* SampleFlashLightController.swift */; };
/* End PBXBuildFile section */

/* Begin PBXContainerItemProxy section */
		D71C812F24D164470076019C /* PBXContainerItemProxy */ = {
			isa = PBXContainerItemProxy;
			containerPortal = D7AE186F24D0738A00243E1F /* Project object */;
			proxyType = 1;
			remoteGlobalIDString = D71C812424D164470076019C;
			remoteInfo = SampleWidget;
		};
		D7AE189124D0738C00243E1F /* PBXContainerItemProxy */ = {
			isa = PBXContainerItemProxy;
			containerPortal = D7AE186F24D0738A00243E1F /* Project object */;
			proxyType = 1;
			remoteGlobalIDString = D7AE187624D0738A00243E1F;
			remoteInfo = ExampleMC3Projects;
		};
		D7AE189C24D0738C00243E1F /* PBXContainerItemProxy */ = {
			isa = PBXContainerItemProxy;
			containerPortal = D7AE186F24D0738A00243E1F /* Project object */;
			proxyType = 1;
			remoteGlobalIDString = D7AE187624D0738A00243E1F;
			remoteInfo = ExampleMC3Projects;
		};
/* End PBXContainerItemProxy section */

/* Begin PBXCopyFilesBuildPhase section */
		D71C813524D164470076019C /* Embed App Extensions */ = {
			isa = PBXCopyFilesBuildPhase;
			buildActionMask = 2147483647;
			dstPath = "";
			dstSubfolderSpec = 13;
			files = (
				D71C813124D164470076019C /* SampleWidget.appex in Embed App Extensions */,
			);
			name = "Embed App Extensions";
			runOnlyForDeploymentPostprocessing = 0;
		};
/* End PBXCopyFilesBuildPhase section */

/* Begin PBXFileReference section */
		164BE14C2C5C65BA1EDFA6AF /* Pods-ExampleMC3Projects-ExampleMC3ProjectsUITests.debug.xcconfig */ = {isa = PBXFileReference; includeInIndex = 1; lastKnownFileType = text.xcconfig; name = "Pods-ExampleMC3Projects-ExampleMC3ProjectsUITests.debug.xcconfig"; path = "Target Support Files/Pods-ExampleMC3Projects-ExampleMC3ProjectsUITests/Pods-ExampleMC3Projects-ExampleMC3ProjectsUITests.debug.xcconfig"; sourceTree = "<group>"; };
		1806A01C583F2ADE2339D79C /* Pods-ExampleMC3Projects.release.xcconfig */ = {isa = PBXFileReference; includeInIndex = 1; lastKnownFileType = text.xcconfig; name = "Pods-ExampleMC3Projects.release.xcconfig"; path = "Target Support Files/Pods-ExampleMC3Projects/Pods-ExampleMC3Projects.release.xcconfig"; sourceTree = "<group>"; };
		42A89E49543122B96398FBAE /* Pods-ExampleMC3Projects.debug.xcconfig */ = {isa = PBXFileReference; includeInIndex = 1; lastKnownFileType = text.xcconfig; name = "Pods-ExampleMC3Projects.debug.xcconfig"; path = "Target Support Files/Pods-ExampleMC3Projects/Pods-ExampleMC3Projects.debug.xcconfig"; sourceTree = "<group>"; };
		5076D26FD9E8DA7800B2E01B /* Pods_ExampleMC3ProjectsTests.framework */ = {isa = PBXFileReference; explicitFileType = wrapper.framework; includeInIndex = 0; path = Pods_ExampleMC3ProjectsTests.framework; sourceTree = BUILT_PRODUCTS_DIR; };
		6A7DEB0177682CA0882F796B /* Pods-ExampleMC3ProjectsTests.debug.xcconfig */ = {isa = PBXFileReference; includeInIndex = 1; lastKnownFileType = text.xcconfig; name = "Pods-ExampleMC3ProjectsTests.debug.xcconfig"; path = "Target Support Files/Pods-ExampleMC3ProjectsTests/Pods-ExampleMC3ProjectsTests.debug.xcconfig"; sourceTree = "<group>"; };
		74449FF6A411F02C04CA3A13 /* Pods_ExampleMC3Projects.framework */ = {isa = PBXFileReference; explicitFileType = wrapper.framework; includeInIndex = 0; path = Pods_ExampleMC3Projects.framework; sourceTree = BUILT_PRODUCTS_DIR; };
		8CE2013C41BC93947DF99D64 /* Pods-ExampleMC3Projects-SampleWidget.debug.xcconfig */ = {isa = PBXFileReference; includeInIndex = 1; lastKnownFileType = text.xcconfig; name = "Pods-ExampleMC3Projects-SampleWidget.debug.xcconfig"; path = "Target Support Files/Pods-ExampleMC3Projects-SampleWidget/Pods-ExampleMC3Projects-SampleWidget.debug.xcconfig"; sourceTree = "<group>"; };
		9C9CBD4512DD873EBF03D4D3 /* Pods-ExampleMC3Projects-ExampleMC3ProjectsUITests.release.xcconfig */ = {isa = PBXFileReference; includeInIndex = 1; lastKnownFileType = text.xcconfig; name = "Pods-ExampleMC3Projects-ExampleMC3ProjectsUITests.release.xcconfig"; path = "Target Support Files/Pods-ExampleMC3Projects-ExampleMC3ProjectsUITests/Pods-ExampleMC3Projects-ExampleMC3ProjectsUITests.release.xcconfig"; sourceTree = "<group>"; };
		BF260547E5B48C19FCD30CD1 /* Pods-ExampleMC3Projects-SampleWidget.release.xcconfig */ = {isa = PBXFileReference; includeInIndex = 1; lastKnownFileType = text.xcconfig; name = "Pods-ExampleMC3Projects-SampleWidget.release.xcconfig"; path = "Target Support Files/Pods-ExampleMC3Projects-SampleWidget/Pods-ExampleMC3Projects-SampleWidget.release.xcconfig"; sourceTree = "<group>"; };
		C39D733E01BF68A1D318AED8 /* Pods-ExampleMC3ProjectsTests.release.xcconfig */ = {isa = PBXFileReference; includeInIndex = 1; lastKnownFileType = text.xcconfig; name = "Pods-ExampleMC3ProjectsTests.release.xcconfig"; path = "Target Support Files/Pods-ExampleMC3ProjectsTests/Pods-ExampleMC3ProjectsTests.release.xcconfig"; sourceTree = "<group>"; };
		D71C812524D164470076019C /* SampleWidget.appex */ = {isa = PBXFileReference; explicitFileType = "wrapper.app-extension"; includeInIndex = 0; path = SampleWidget.appex; sourceTree = BUILT_PRODUCTS_DIR; };
		D71C812624D164470076019C /* NotificationCenter.framework */ = {isa = PBXFileReference; lastKnownFileType = wrapper.framework; name = NotificationCenter.framework; path = System/Library/Frameworks/NotificationCenter.framework; sourceTree = SDKROOT; };
		D71C812924D164470076019C /* TodayViewController.swift */ = {isa = PBXFileReference; lastKnownFileType = sourcecode.swift; path = TodayViewController.swift; sourceTree = "<group>"; };
		D71C812C24D164470076019C /* Base */ = {isa = PBXFileReference; lastKnownFileType = file.storyboard; name = Base; path = Base.lproj/MainInterface.storyboard; sourceTree = "<group>"; };
		D71C812E24D164470076019C /* Info.plist */ = {isa = PBXFileReference; lastKnownFileType = text.plist.xml; path = Info.plist; sourceTree = "<group>"; };
		D79E400D24D538DF00C8C7E4 /* ding.m4a */ = {isa = PBXFileReference; lastKnownFileType = file; path = ding.m4a; sourceTree = "<group>"; };
		D7AE187724D0738A00243E1F /* ExampleMC3Projects.app */ = {isa = PBXFileReference; explicitFileType = wrapper.application; includeInIndex = 0; path = ExampleMC3Projects.app; sourceTree = BUILT_PRODUCTS_DIR; };
		D7AE187A24D0738A00243E1F /* AppDelegate.swift */ = {isa = PBXFileReference; lastKnownFileType = sourcecode.swift; path = AppDelegate.swift; sourceTree = "<group>"; };
		D7AE187C24D0738A00243E1F /* SceneDelegate.swift */ = {isa = PBXFileReference; lastKnownFileType = sourcecode.swift; path = SceneDelegate.swift; sourceTree = "<group>"; };
		D7AE187E24D0738A00243E1F /* SampleAudioMaximumVolumeAndBackgroundController.swift */ = {isa = PBXFileReference; lastKnownFileType = sourcecode.swift; path = SampleAudioMaximumVolumeAndBackgroundController.swift; sourceTree = "<group>"; };
		D7AE188424D0738A00243E1F /* ExampleMC3Projects.xcdatamodel */ = {isa = PBXFileReference; lastKnownFileType = wrapper.xcdatamodel; path = ExampleMC3Projects.xcdatamodel; sourceTree = "<group>"; };
		D7AE188624D0738C00243E1F /* Assets.xcassets */ = {isa = PBXFileReference; lastKnownFileType = folder.assetcatalog; path = Assets.xcassets; sourceTree = "<group>"; };
		D7AE188924D0738C00243E1F /* Base */ = {isa = PBXFileReference; lastKnownFileType = file.storyboard; name = Base; path = Base.lproj/LaunchScreen.storyboard; sourceTree = "<group>"; };
		D7AE188B24D0738C00243E1F /* Info.plist */ = {isa = PBXFileReference; lastKnownFileType = text.plist.xml; path = Info.plist; sourceTree = "<group>"; };
		D7AE189024D0738C00243E1F /* ExampleMC3ProjectsTests.xctest */ = {isa = PBXFileReference; explicitFileType = wrapper.cfbundle; includeInIndex = 0; path = ExampleMC3ProjectsTests.xctest; sourceTree = BUILT_PRODUCTS_DIR; };
		D7AE189424D0738C00243E1F /* ExampleMC3ProjectsTests.swift */ = {isa = PBXFileReference; lastKnownFileType = sourcecode.swift; path = ExampleMC3ProjectsTests.swift; sourceTree = "<group>"; };
		D7AE189624D0738C00243E1F /* Info.plist */ = {isa = PBXFileReference; lastKnownFileType = text.plist.xml; path = Info.plist; sourceTree = "<group>"; };
		D7AE189B24D0738C00243E1F /* ExampleMC3ProjectsUITests.xctest */ = {isa = PBXFileReference; explicitFileType = wrapper.cfbundle; includeInIndex = 0; path = ExampleMC3ProjectsUITests.xctest; sourceTree = BUILT_PRODUCTS_DIR; };
		D7AE189F24D0738C00243E1F /* ExampleMC3ProjectsUITests.swift */ = {isa = PBXFileReference; lastKnownFileType = sourcecode.swift; path = ExampleMC3ProjectsUITests.swift; sourceTree = "<group>"; };
		D7AE18A124D0738C00243E1F /* Info.plist */ = {isa = PBXFileReference; lastKnownFileType = text.plist.xml; path = Info.plist; sourceTree = "<group>"; };
		D7AE18AE24D112C200243E1F /* audiosample.m4a */ = {isa = PBXFileReference; lastKnownFileType = file; path = audiosample.m4a; sourceTree = "<group>"; };
		D7AE18B124D11B5900243E1F /* MainController.swift */ = {isa = PBXFileReference; lastKnownFileType = sourcecode.swift; path = MainController.swift; sourceTree = "<group>"; };
		D7AE18B324D1255B00243E1F /* SampleFlashLightController.swift */ = {isa = PBXFileReference; lastKnownFileType = sourcecode.swift; path = SampleFlashLightController.swift; sourceTree = "<group>"; };
		E99D1C705280B715B273FF47 /* Pods_ExampleMC3Projects_SampleWidget.framework */ = {isa = PBXFileReference; explicitFileType = wrapper.framework; includeInIndex = 0; path = Pods_ExampleMC3Projects_SampleWidget.framework; sourceTree = BUILT_PRODUCTS_DIR; };
		FDC0710E4D53CF04FB0DF2DF /* Pods_ExampleMC3Projects_ExampleMC3ProjectsUITests.framework */ = {isa = PBXFileReference; explicitFileType = wrapper.framework; includeInIndex = 0; path = Pods_ExampleMC3Projects_ExampleMC3ProjectsUITests.framework; sourceTree = BUILT_PRODUCTS_DIR; };
/* End PBXFileReference section */

/* Begin PBXFrameworksBuildPhase section */
		D71C812224D164470076019C /* Frameworks */ = {
			isa = PBXFrameworksBuildPhase;
			buildActionMask = 2147483647;
			files = (
				D71C812724D164470076019C /* NotificationCenter.framework in Frameworks */,
				43ECCC587BAFA5835F6E797F /* Pods_ExampleMC3Projects_SampleWidget.framework in Frameworks */,
			);
			runOnlyForDeploymentPostprocessing = 0;
		};
		D7AE187424D0738A00243E1F /* Frameworks */ = {
			isa = PBXFrameworksBuildPhase;
			buildActionMask = 2147483647;
			files = (
				01B466676F694D7520022E8A /* Pods_ExampleMC3Projects.framework in Frameworks */,
			);
			runOnlyForDeploymentPostprocessing = 0;
		};
		D7AE188D24D0738C00243E1F /* Frameworks */ = {
			isa = PBXFrameworksBuildPhase;
			buildActionMask = 2147483647;
			files = (
				4C696B991184315F882A44A8 /* Pods_ExampleMC3ProjectsTests.framework in Frameworks */,
			);
			runOnlyForDeploymentPostprocessing = 0;
		};
		D7AE189824D0738C00243E1F /* Frameworks */ = {
			isa = PBXFrameworksBuildPhase;
			buildActionMask = 2147483647;
			files = (
				C362FA8DB96866361D01A074 /* Pods_ExampleMC3Projects_ExampleMC3ProjectsUITests.framework in Frameworks */,
			);
			runOnlyForDeploymentPostprocessing = 0;
		};
/* End PBXFrameworksBuildPhase section */

/* Begin PBXGroup section */
		5E6EEEB4A4D993B16B9E2B40 /* Pods */ = {
			isa = PBXGroup;
			children = (
				42A89E49543122B96398FBAE /* Pods-ExampleMC3Projects.debug.xcconfig */,
				1806A01C583F2ADE2339D79C /* Pods-ExampleMC3Projects.release.xcconfig */,
				164BE14C2C5C65BA1EDFA6AF /* Pods-ExampleMC3Projects-ExampleMC3ProjectsUITests.debug.xcconfig */,
				9C9CBD4512DD873EBF03D4D3 /* Pods-ExampleMC3Projects-ExampleMC3ProjectsUITests.release.xcconfig */,
				6A7DEB0177682CA0882F796B /* Pods-ExampleMC3ProjectsTests.debug.xcconfig */,
				C39D733E01BF68A1D318AED8 /* Pods-ExampleMC3ProjectsTests.release.xcconfig */,
				8CE2013C41BC93947DF99D64 /* Pods-ExampleMC3Projects-SampleWidget.debug.xcconfig */,
				BF260547E5B48C19FCD30CD1 /* Pods-ExampleMC3Projects-SampleWidget.release.xcconfig */,
			);
			path = Pods;
			sourceTree = "<group>";
		};
		6E93604D6EC0AE8B07084246 /* Frameworks */ = {
			isa = PBXGroup;
			children = (
				74449FF6A411F02C04CA3A13 /* Pods_ExampleMC3Projects.framework */,
				FDC0710E4D53CF04FB0DF2DF /* Pods_ExampleMC3Projects_ExampleMC3ProjectsUITests.framework */,
				5076D26FD9E8DA7800B2E01B /* Pods_ExampleMC3ProjectsTests.framework */,
				D71C812624D164470076019C /* NotificationCenter.framework */,
				E99D1C705280B715B273FF47 /* Pods_ExampleMC3Projects_SampleWidget.framework */,
			);
			name = Frameworks;
			sourceTree = "<group>";
		};
		D71C812824D164470076019C /* SampleWidget */ = {
			isa = PBXGroup;
			children = (
				D71C812924D164470076019C /* TodayViewController.swift */,
				D71C812B24D164470076019C /* MainInterface.storyboard */,
				D71C812E24D164470076019C /* Info.plist */,
			);
			path = SampleWidget;
			sourceTree = "<group>";
		};
		D7AE186E24D0738A00243E1F = {
			isa = PBXGroup;
			children = (
				D7AE187924D0738A00243E1F /* ExampleMC3Projects */,
				D7AE189324D0738C00243E1F /* ExampleMC3ProjectsTests */,
				D7AE189E24D0738C00243E1F /* ExampleMC3ProjectsUITests */,
				D71C812824D164470076019C /* SampleWidget */,
				D7AE187824D0738A00243E1F /* Products */,
				5E6EEEB4A4D993B16B9E2B40 /* Pods */,
				6E93604D6EC0AE8B07084246 /* Frameworks */,
			);
			sourceTree = "<group>";
		};
		D7AE187824D0738A00243E1F /* Products */ = {
			isa = PBXGroup;
			children = (
				D7AE187724D0738A00243E1F /* ExampleMC3Projects.app */,
				D7AE189024D0738C00243E1F /* ExampleMC3ProjectsTests.xctest */,
				D7AE189B24D0738C00243E1F /* ExampleMC3ProjectsUITests.xctest */,
				D71C812524D164470076019C /* SampleWidget.appex */,
			);
			name = Products;
			sourceTree = "<group>";
		};
		D7AE187924D0738A00243E1F /* ExampleMC3Projects */ = {
			isa = PBXGroup;
			children = (
				D7AE187A24D0738A00243E1F /* AppDelegate.swift */,
				D7AE187C24D0738A00243E1F /* SceneDelegate.swift */,
				D7AE18B024D11A4700243E1F /* Controller */,
				D7AE188624D0738C00243E1F /* Assets.xcassets */,
				D7AE188824D0738C00243E1F /* LaunchScreen.storyboard */,
				D7AE188B24D0738C00243E1F /* Info.plist */,
				D7AE188324D0738A00243E1F /* ExampleMC3Projects.xcdatamodeld */,
				D7AE18AD24D112B000243E1F /* Audio */,
			);
			path = ExampleMC3Projects;
			sourceTree = "<group>";
		};
		D7AE189324D0738C00243E1F /* ExampleMC3ProjectsTests */ = {
			isa = PBXGroup;
			children = (
				D7AE189424D0738C00243E1F /* ExampleMC3ProjectsTests.swift */,
				D7AE189624D0738C00243E1F /* Info.plist */,
			);
			path = ExampleMC3ProjectsTests;
			sourceTree = "<group>";
		};
		D7AE189E24D0738C00243E1F /* ExampleMC3ProjectsUITests */ = {
			isa = PBXGroup;
			children = (
				D7AE189F24D0738C00243E1F /* ExampleMC3ProjectsUITests.swift */,
				D7AE18A124D0738C00243E1F /* Info.plist */,
			);
			path = ExampleMC3ProjectsUITests;
			sourceTree = "<group>";
		};
		D7AE18AD24D112B000243E1F /* Audio */ = {
			isa = PBXGroup;
			children = (
				D79E400D24D538DF00C8C7E4 /* ding.m4a */,
				D7AE18AE24D112C200243E1F /* audiosample.m4a */,
			);
			path = Audio;
			sourceTree = "<group>";
		};
		D7AE18B024D11A4700243E1F /* Controller */ = {
			isa = PBXGroup;
			children = (
				D7AE18B124D11B5900243E1F /* MainController.swift */,
				D7AE187E24D0738A00243E1F /* SampleAudioMaximumVolumeAndBackgroundController.swift */,
				D7AE18B324D1255B00243E1F /* SampleFlashLightController.swift */,
			);
			path = Controller;
			sourceTree = "<group>";
		};
/* End PBXGroup section */

/* Begin PBXNativeTarget section */
		D71C812424D164470076019C /* SampleWidget */ = {
			isa = PBXNativeTarget;
			buildConfigurationList = D71C813224D164470076019C /* Build configuration list for PBXNativeTarget "SampleWidget" */;
			buildPhases = (
				DD1DF0AFCBC58B753C41A270 /* [CP] Check Pods Manifest.lock */,
				D71C812124D164470076019C /* Sources */,
				D71C812224D164470076019C /* Frameworks */,
				D71C812324D164470076019C /* Resources */,
			);
			buildRules = (
			);
			dependencies = (
			);
			name = SampleWidget;
			productName = SampleWidget;
			productReference = D71C812524D164470076019C /* SampleWidget.appex */;
			productType = "com.apple.product-type.app-extension";
		};
		D7AE187624D0738A00243E1F /* ExampleMC3Projects */ = {
			isa = PBXNativeTarget;
			buildConfigurationList = D7AE18A424D0738C00243E1F /* Build configuration list for PBXNativeTarget "ExampleMC3Projects" */;
			buildPhases = (
				1FC4CF027420733E5283980B /* [CP] Check Pods Manifest.lock */,
				D7AE187324D0738A00243E1F /* Sources */,
				D7AE187424D0738A00243E1F /* Frameworks */,
				D7AE187524D0738A00243E1F /* Resources */,
				33C42415633DAF1B078DF859 /* [CP] Embed Pods Frameworks */,
				D71C813524D164470076019C /* Embed App Extensions */,
			);
			buildRules = (
			);
			dependencies = (
				D71C813024D164470076019C /* PBXTargetDependency */,
			);
			name = ExampleMC3Projects;
			productName = ExampleMC3Projects;
			productReference = D7AE187724D0738A00243E1F /* ExampleMC3Projects.app */;
			productType = "com.apple.product-type.application";
		};
		D7AE188F24D0738C00243E1F /* ExampleMC3ProjectsTests */ = {
			isa = PBXNativeTarget;
			buildConfigurationList = D7AE18A724D0738C00243E1F /* Build configuration list for PBXNativeTarget "ExampleMC3ProjectsTests" */;
			buildPhases = (
				9C51256944532BAD36816476 /* [CP] Check Pods Manifest.lock */,
				D7AE188C24D0738C00243E1F /* Sources */,
				D7AE188D24D0738C00243E1F /* Frameworks */,
				D7AE188E24D0738C00243E1F /* Resources */,
			);
			buildRules = (
			);
			dependencies = (
				D7AE189224D0738C00243E1F /* PBXTargetDependency */,
			);
			name = ExampleMC3ProjectsTests;
			productName = ExampleMC3ProjectsTests;
			productReference = D7AE189024D0738C00243E1F /* ExampleMC3ProjectsTests.xctest */;
			productType = "com.apple.product-type.bundle.unit-test";
		};
		D7AE189A24D0738C00243E1F /* ExampleMC3ProjectsUITests */ = {
			isa = PBXNativeTarget;
			buildConfigurationList = D7AE18AA24D0738C00243E1F /* Build configuration list for PBXNativeTarget "ExampleMC3ProjectsUITests" */;
			buildPhases = (
				5D80477070387CE19C8548A7 /* [CP] Check Pods Manifest.lock */,
				D7AE189724D0738C00243E1F /* Sources */,
				D7AE189824D0738C00243E1F /* Frameworks */,
				D7AE189924D0738C00243E1F /* Resources */,
				639E2C3647AC9C11AC239961 /* [CP] Embed Pods Frameworks */,
			);
			buildRules = (
			);
			dependencies = (
				D7AE189D24D0738C00243E1F /* PBXTargetDependency */,
			);
			name = ExampleMC3ProjectsUITests;
			productName = ExampleMC3ProjectsUITests;
			productReference = D7AE189B24D0738C00243E1F /* ExampleMC3ProjectsUITests.xctest */;
			productType = "com.apple.product-type.bundle.ui-testing";
		};
/* End PBXNativeTarget section */

/* Begin PBXProject section */
		D7AE186F24D0738A00243E1F /* Project object */ = {
			isa = PBXProject;
			attributes = {
				LastSwiftUpdateCheck = 1160;
				LastUpgradeCheck = 1160;
				ORGANIZATIONNAME = "Aji Saputra Raka Siwi";
				TargetAttributes = {
					D71C812424D164470076019C = {
						CreatedOnToolsVersion = 11.6;
					};
					D7AE187624D0738A00243E1F = {
						CreatedOnToolsVersion = 11.6;
					};
					D7AE188F24D0738C00243E1F = {
						CreatedOnToolsVersion = 11.6;
						TestTargetID = D7AE187624D0738A00243E1F;
					};
					D7AE189A24D0738C00243E1F = {
						CreatedOnToolsVersion = 11.6;
						TestTargetID = D7AE187624D0738A00243E1F;
					};
				};
			};
			buildConfigurationList = D7AE187224D0738A00243E1F /* Build configuration list for PBXProject "ExampleMC3Projects" */;
			compatibilityVersion = "Xcode 9.3";
			developmentRegion = en;
			hasScannedForEncodings = 0;
			knownRegions = (
				en,
				Base,
			);
			mainGroup = D7AE186E24D0738A00243E1F;
			productRefGroup = D7AE187824D0738A00243E1F /* Products */;
			projectDirPath = "";
			projectRoot = "";
			targets = (
				D7AE187624D0738A00243E1F /* ExampleMC3Projects */,
				D7AE188F24D0738C00243E1F /* ExampleMC3ProjectsTests */,
				D7AE189A24D0738C00243E1F /* ExampleMC3ProjectsUITests */,
				D71C812424D164470076019C /* SampleWidget */,
			);
		};
/* End PBXProject section */

/* Begin PBXResourcesBuildPhase section */
		D71C812324D164470076019C /* Resources */ = {
			isa = PBXResourcesBuildPhase;
			buildActionMask = 2147483647;
			files = (
				D71C812D24D164470076019C /* MainInterface.storyboard in Resources */,
			);
			runOnlyForDeploymentPostprocessing = 0;
		};
		D7AE187524D0738A00243E1F /* Resources */ = {
			isa = PBXResourcesBuildPhase;
			buildActionMask = 2147483647;
			files = (
				D7AE188A24D0738C00243E1F /* LaunchScreen.storyboard in Resources */,
				D7AE188724D0738C00243E1F /* Assets.xcassets in Resources */,
				D79E400E24D538DF00C8C7E4 /* ding.m4a in Resources */,
				D7AE18AF24D112C200243E1F /* audiosample.m4a in Resources */,
			);
			runOnlyForDeploymentPostprocessing = 0;
		};
		D7AE188E24D0738C00243E1F /* Resources */ = {
			isa = PBXResourcesBuildPhase;
			buildActionMask = 2147483647;
			files = (
			);
			runOnlyForDeploymentPostprocessing = 0;
		};
		D7AE189924D0738C00243E1F /* Resources */ = {
			isa = PBXResourcesBuildPhase;
			buildActionMask = 2147483647;
			files = (
			);
			runOnlyForDeploymentPostprocessing = 0;
		};
/* End PBXResourcesBuildPhase section */

/* Begin PBXShellScriptBuildPhase section */
		1FC4CF027420733E5283980B /* [CP] Check Pods Manifest.lock */ = {
			isa = PBXShellScriptBuildPhase;
			buildActionMask = 2147483647;
			files = (
			);
			inputFileListPaths = (
			);
			inputPaths = (
				"${PODS_PODFILE_DIR_PATH}/Podfile.lock",
				"${PODS_ROOT}/Manifest.lock",
			);
			name = "[CP] Check Pods Manifest.lock";
			outputFileListPaths = (
			);
			outputPaths = (
				"$(DERIVED_FILE_DIR)/Pods-ExampleMC3Projects-checkManifestLockResult.txt",
			);
			runOnlyForDeploymentPostprocessing = 0;
			shellPath = /bin/sh;
			shellScript = "diff \"${PODS_PODFILE_DIR_PATH}/Podfile.lock\" \"${PODS_ROOT}/Manifest.lock\" > /dev/null\nif [ $? != 0 ] ; then\n    # print error to STDERR\n    echo \"error: The sandbox is not in sync with the Podfile.lock. Run 'pod install' or update your CocoaPods installation.\" >&2\n    exit 1\nfi\n# This output is used by Xcode 'outputs' to avoid re-running this script phase.\necho \"SUCCESS\" > \"${SCRIPT_OUTPUT_FILE_0}\"\n";
			showEnvVarsInLog = 0;
		};
		33C42415633DAF1B078DF859 /* [CP] Embed Pods Frameworks */ = {
			isa = PBXShellScriptBuildPhase;
			buildActionMask = 2147483647;
			files = (
			);
			inputFileListPaths = (
				"${PODS_ROOT}/Target Support Files/Pods-ExampleMC3Projects/Pods-ExampleMC3Projects-frameworks-${CONFIGURATION}-input-files.xcfilelist",
			);
			name = "[CP] Embed Pods Frameworks";
			outputFileListPaths = (
				"${PODS_ROOT}/Target Support Files/Pods-ExampleMC3Projects/Pods-ExampleMC3Projects-frameworks-${CONFIGURATION}-output-files.xcfilelist",
			);
			runOnlyForDeploymentPostprocessing = 0;
			shellPath = /bin/sh;
			shellScript = "\"${PODS_ROOT}/Target Support Files/Pods-ExampleMC3Projects/Pods-ExampleMC3Projects-frameworks.sh\"\n";
			showEnvVarsInLog = 0;
		};
		5D80477070387CE19C8548A7 /* [CP] Check Pods Manifest.lock */ = {
			isa = PBXShellScriptBuildPhase;
			buildActionMask = 2147483647;
			files = (
			);
			inputFileListPaths = (
			);
			inputPaths = (
				"${PODS_PODFILE_DIR_PATH}/Podfile.lock",
				"${PODS_ROOT}/Manifest.lock",
			);
			name = "[CP] Check Pods Manifest.lock";
			outputFileListPaths = (
			);
			outputPaths = (
				"$(DERIVED_FILE_DIR)/Pods-ExampleMC3Projects-ExampleMC3ProjectsUITests-checkManifestLockResult.txt",
			);
			runOnlyForDeploymentPostprocessing = 0;
			shellPath = /bin/sh;
			shellScript = "diff \"${PODS_PODFILE_DIR_PATH}/Podfile.lock\" \"${PODS_ROOT}/Manifest.lock\" > /dev/null\nif [ $? != 0 ] ; then\n    # print error to STDERR\n    echo \"error: The sandbox is not in sync with the Podfile.lock. Run 'pod install' or update your CocoaPods installation.\" >&2\n    exit 1\nfi\n# This output is used by Xcode 'outputs' to avoid re-running this script phase.\necho \"SUCCESS\" > \"${SCRIPT_OUTPUT_FILE_0}\"\n";
			showEnvVarsInLog = 0;
		};
		639E2C3647AC9C11AC239961 /* [CP] Embed Pods Frameworks */ = {
			isa = PBXShellScriptBuildPhase;
			buildActionMask = 2147483647;
			files = (
			);
			inputFileListPaths = (
				"${PODS_ROOT}/Target Support Files/Pods-ExampleMC3Projects-ExampleMC3ProjectsUITests/Pods-ExampleMC3Projects-ExampleMC3ProjectsUITests-frameworks-${CONFIGURATION}-input-files.xcfilelist",
			);
			name = "[CP] Embed Pods Frameworks";
			outputFileListPaths = (
				"${PODS_ROOT}/Target Support Files/Pods-ExampleMC3Projects-ExampleMC3ProjectsUITests/Pods-ExampleMC3Projects-ExampleMC3ProjectsUITests-frameworks-${CONFIGURATION}-output-files.xcfilelist",
			);
			runOnlyForDeploymentPostprocessing = 0;
			shellPath = /bin/sh;
			shellScript = "\"${PODS_ROOT}/Target Support Files/Pods-ExampleMC3Projects-ExampleMC3ProjectsUITests/Pods-ExampleMC3Projects-ExampleMC3ProjectsUITests-frameworks.sh\"\n";
			showEnvVarsInLog = 0;
		};
		9C51256944532BAD36816476 /* [CP] Check Pods Manifest.lock */ = {
			isa = PBXShellScriptBuildPhase;
			buildActionMask = 2147483647;
			files = (
			);
			inputFileListPaths = (
			);
			inputPaths = (
				"${PODS_PODFILE_DIR_PATH}/Podfile.lock",
				"${PODS_ROOT}/Manifest.lock",
			);
			name = "[CP] Check Pods Manifest.lock";
			outputFileListPaths = (
			);
			outputPaths = (
				"$(DERIVED_FILE_DIR)/Pods-ExampleMC3ProjectsTests-checkManifestLockResult.txt",
			);
			runOnlyForDeploymentPostprocessing = 0;
			shellPath = /bin/sh;
			shellScript = "diff \"${PODS_PODFILE_DIR_PATH}/Podfile.lock\" \"${PODS_ROOT}/Manifest.lock\" > /dev/null\nif [ $? != 0 ] ; then\n    # print error to STDERR\n    echo \"error: The sandbox is not in sync with the Podfile.lock. Run 'pod install' or update your CocoaPods installation.\" >&2\n    exit 1\nfi\n# This output is used by Xcode 'outputs' to avoid re-running this script phase.\necho \"SUCCESS\" > \"${SCRIPT_OUTPUT_FILE_0}\"\n";
			showEnvVarsInLog = 0;
		};
		DD1DF0AFCBC58B753C41A270 /* [CP] Check Pods Manifest.lock */ = {
			isa = PBXShellScriptBuildPhase;
			buildActionMask = 2147483647;
			files = (
			);
			inputFileListPaths = (
			);
			inputPaths = (
				"${PODS_PODFILE_DIR_PATH}/Podfile.lock",
				"${PODS_ROOT}/Manifest.lock",
			);
			name = "[CP] Check Pods Manifest.lock";
			outputFileListPaths = (
			);
			outputPaths = (
				"$(DERIVED_FILE_DIR)/Pods-ExampleMC3Projects-SampleWidget-checkManifestLockResult.txt",
			);
			runOnlyForDeploymentPostprocessing = 0;
			shellPath = /bin/sh;
			shellScript = "diff \"${PODS_PODFILE_DIR_PATH}/Podfile.lock\" \"${PODS_ROOT}/Manifest.lock\" > /dev/null\nif [ $? != 0 ] ; then\n    # print error to STDERR\n    echo \"error: The sandbox is not in sync with the Podfile.lock. Run 'pod install' or update your CocoaPods installation.\" >&2\n    exit 1\nfi\n# This output is used by Xcode 'outputs' to avoid re-running this script phase.\necho \"SUCCESS\" > \"${SCRIPT_OUTPUT_FILE_0}\"\n";
			showEnvVarsInLog = 0;
		};
/* End PBXShellScriptBuildPhase section */

/* Begin PBXSourcesBuildPhase section */
		D71C812124D164470076019C /* Sources */ = {
			isa = PBXSourcesBuildPhase;
			buildActionMask = 2147483647;
			files = (
				D71C812A24D164470076019C /* TodayViewController.swift in Sources */,
			);
			runOnlyForDeploymentPostprocessing = 0;
		};
		D7AE187324D0738A00243E1F /* Sources */ = {
			isa = PBXSourcesBuildPhase;
			buildActionMask = 2147483647;
			files = (
				D7AE188524D0738A00243E1F /* ExampleMC3Projects.xcdatamodeld in Sources */,
				D7AE187F24D0738A00243E1F /* SampleAudioMaximumVolumeAndBackgroundController.swift in Sources */,
				D7AE18B424D1255B00243E1F /* SampleFlashLightController.swift in Sources */,
				D7AE187B24D0738A00243E1F /* AppDelegate.swift in Sources */,
				D7AE187D24D0738A00243E1F /* SceneDelegate.swift in Sources */,
				D7AE18B224D11B5900243E1F /* MainController.swift in Sources */,
			);
			runOnlyForDeploymentPostprocessing = 0;
		};
		D7AE188C24D0738C00243E1F /* Sources */ = {
			isa = PBXSourcesBuildPhase;
			buildActionMask = 2147483647;
			files = (
				D7AE189524D0738C00243E1F /* ExampleMC3ProjectsTests.swift in Sources */,
			);
			runOnlyForDeploymentPostprocessing = 0;
		};
		D7AE189724D0738C00243E1F /* Sources */ = {
			isa = PBXSourcesBuildPhase;
			buildActionMask = 2147483647;
			files = (
				D7AE18A024D0738C00243E1F /* ExampleMC3ProjectsUITests.swift in Sources */,
			);
			runOnlyForDeploymentPostprocessing = 0;
		};
/* End PBXSourcesBuildPhase section */

/* Begin PBXTargetDependency section */
		D71C813024D164470076019C /* PBXTargetDependency */ = {
			isa = PBXTargetDependency;
			target = D71C812424D164470076019C /* SampleWidget */;
			targetProxy = D71C812F24D164470076019C /* PBXContainerItemProxy */;
		};
		D7AE189224D0738C00243E1F /* PBXTargetDependency */ = {
			isa = PBXTargetDependency;
			target = D7AE187624D0738A00243E1F /* ExampleMC3Projects */;
			targetProxy = D7AE189124D0738C00243E1F /* PBXContainerItemProxy */;
		};
		D7AE189D24D0738C00243E1F /* PBXTargetDependency */ = {
			isa = PBXTargetDependency;
			target = D7AE187624D0738A00243E1F /* ExampleMC3Projects */;
			targetProxy = D7AE189C24D0738C00243E1F /* PBXContainerItemProxy */;
		};
/* End PBXTargetDependency section */

/* Begin PBXVariantGroup section */
		D71C812B24D164470076019C /* MainInterface.storyboard */ = {
			isa = PBXVariantGroup;
			children = (
				D71C812C24D164470076019C /* Base */,
			);
			name = MainInterface.storyboard;
			sourceTree = "<group>";
		};
		D7AE188824D0738C00243E1F /* LaunchScreen.storyboard */ = {
			isa = PBXVariantGroup;
			children = (
				D7AE188924D0738C00243E1F /* Base */,
			);
			name = LaunchScreen.storyboard;
			sourceTree = "<group>";
		};
/* End PBXVariantGroup section */

/* Begin XCBuildConfiguration section */
		D71C813324D164470076019C /* Debug */ = {
			isa = XCBuildConfiguration;
			baseConfigurationReference = 8CE2013C41BC93947DF99D64 /* Pods-ExampleMC3Projects-SampleWidget.debug.xcconfig */;
			buildSettings = {
				CODE_SIGN_STYLE = Automatic;
				DEVELOPMENT_TEAM = 9Y224ZS8GH;
				INFOPLIST_FILE = SampleWidget/Info.plist;
				LD_RUNPATH_SEARCH_PATHS = (
					"$(inherited)",
					"@executable_path/Frameworks",
					"@executable_path/../../Frameworks",
				);
				PRODUCT_BUNDLE_IDENTIFIER = com.ajisaputrars.ExampleMC3Projects.SampleWidget;
				PRODUCT_NAME = "$(TARGET_NAME)";
				SKIP_INSTALL = YES;
				SWIFT_VERSION = 5.0;
				TARGETED_DEVICE_FAMILY = "1,2";
			};
			name = Debug;
		};
		D71C813424D164470076019C /* Release */ = {
			isa = XCBuildConfiguration;
			baseConfigurationReference = BF260547E5B48C19FCD30CD1 /* Pods-ExampleMC3Projects-SampleWidget.release.xcconfig */;
			buildSettings = {
				CODE_SIGN_STYLE = Automatic;
				DEVELOPMENT_TEAM = 9Y224ZS8GH;
				INFOPLIST_FILE = SampleWidget/Info.plist;
				LD_RUNPATH_SEARCH_PATHS = (
					"$(inherited)",
					"@executable_path/Frameworks",
					"@executable_path/../../Frameworks",
				);
				PRODUCT_BUNDLE_IDENTIFIER = com.ajisaputrars.ExampleMC3Projects.SampleWidget;
				PRODUCT_NAME = "$(TARGET_NAME)";
				SKIP_INSTALL = YES;
				SWIFT_VERSION = 5.0;
				TARGETED_DEVICE_FAMILY = "1,2";
			};
			name = Release;
		};
		D7AE18A224D0738C00243E1F /* Debug */ = {
			isa = XCBuildConfiguration;
			buildSettings = {
				ALWAYS_SEARCH_USER_PATHS = NO;
				CLANG_ANALYZER_NONNULL = YES;
				CLANG_ANALYZER_NUMBER_OBJECT_CONVERSION = YES_AGGRESSIVE;
				CLANG_CXX_LANGUAGE_STANDARD = "gnu++14";
				CLANG_CXX_LIBRARY = "libc++";
				CLANG_ENABLE_MODULES = YES;
				CLANG_ENABLE_OBJC_ARC = YES;
				CLANG_ENABLE_OBJC_WEAK = YES;
				CLANG_WARN_BLOCK_CAPTURE_AUTORELEASING = YES;
				CLANG_WARN_BOOL_CONVERSION = YES;
				CLANG_WARN_COMMA = YES;
				CLANG_WARN_CONSTANT_CONVERSION = YES;
				CLANG_WARN_DEPRECATED_OBJC_IMPLEMENTATIONS = YES;
				CLANG_WARN_DIRECT_OBJC_ISA_USAGE = YES_ERROR;
				CLANG_WARN_DOCUMENTATION_COMMENTS = YES;
				CLANG_WARN_EMPTY_BODY = YES;
				CLANG_WARN_ENUM_CONVERSION = YES;
				CLANG_WARN_INFINITE_RECURSION = YES;
				CLANG_WARN_INT_CONVERSION = YES;
				CLANG_WARN_NON_LITERAL_NULL_CONVERSION = YES;
				CLANG_WARN_OBJC_IMPLICIT_RETAIN_SELF = YES;
				CLANG_WARN_OBJC_LITERAL_CONVERSION = YES;
				CLANG_WARN_OBJC_ROOT_CLASS = YES_ERROR;
				CLANG_WARN_RANGE_LOOP_ANALYSIS = YES;
				CLANG_WARN_STRICT_PROTOTYPES = YES;
				CLANG_WARN_SUSPICIOUS_MOVE = YES;
				CLANG_WARN_UNGUARDED_AVAILABILITY = YES_AGGRESSIVE;
				CLANG_WARN_UNREACHABLE_CODE = YES;
				CLANG_WARN__DUPLICATE_METHOD_MATCH = YES;
				COPY_PHASE_STRIP = NO;
				DEBUG_INFORMATION_FORMAT = dwarf;
				ENABLE_STRICT_OBJC_MSGSEND = YES;
				ENABLE_TESTABILITY = YES;
				GCC_C_LANGUAGE_STANDARD = gnu11;
				GCC_DYNAMIC_NO_PIC = NO;
				GCC_NO_COMMON_BLOCKS = YES;
				GCC_OPTIMIZATION_LEVEL = 0;
				GCC_PREPROCESSOR_DEFINITIONS = (
					"DEBUG=1",
					"$(inherited)",
				);
				GCC_WARN_64_TO_32_BIT_CONVERSION = YES;
				GCC_WARN_ABOUT_RETURN_TYPE = YES_ERROR;
				GCC_WARN_UNDECLARED_SELECTOR = YES;
				GCC_WARN_UNINITIALIZED_AUTOS = YES_AGGRESSIVE;
				GCC_WARN_UNUSED_FUNCTION = YES;
				GCC_WARN_UNUSED_VARIABLE = YES;
				IPHONEOS_DEPLOYMENT_TARGET = 13.6;
				MTL_ENABLE_DEBUG_INFO = INCLUDE_SOURCE;
				MTL_FAST_MATH = YES;
				ONLY_ACTIVE_ARCH = YES;
				SDKROOT = iphoneos;
				SWIFT_ACTIVE_COMPILATION_CONDITIONS = DEBUG;
				SWIFT_OPTIMIZATION_LEVEL = "-Onone";
			};
			name = Debug;
		};
		D7AE18A324D0738C00243E1F /* Release */ = {
			isa = XCBuildConfiguration;
			buildSettings = {
				ALWAYS_SEARCH_USER_PATHS = NO;
				CLANG_ANALYZER_NONNULL = YES;
				CLANG_ANALYZER_NUMBER_OBJECT_CONVERSION = YES_AGGRESSIVE;
				CLANG_CXX_LANGUAGE_STANDARD = "gnu++14";
				CLANG_CXX_LIBRARY = "libc++";
				CLANG_ENABLE_MODULES = YES;
				CLANG_ENABLE_OBJC_ARC = YES;
				CLANG_ENABLE_OBJC_WEAK = YES;
				CLANG_WARN_BLOCK_CAPTURE_AUTORELEASING = YES;
				CLANG_WARN_BOOL_CONVERSION = YES;
				CLANG_WARN_COMMA = YES;
				CLANG_WARN_CONSTANT_CONVERSION = YES;
				CLANG_WARN_DEPRECATED_OBJC_IMPLEMENTATIONS = YES;
				CLANG_WARN_DIRECT_OBJC_ISA_USAGE = YES_ERROR;
				CLANG_WARN_DOCUMENTATION_COMMENTS = YES;
				CLANG_WARN_EMPTY_BODY = YES;
				CLANG_WARN_ENUM_CONVERSION = YES;
				CLANG_WARN_INFINITE_RECURSION = YES;
				CLANG_WARN_INT_CONVERSION = YES;
				CLANG_WARN_NON_LITERAL_NULL_CONVERSION = YES;
				CLANG_WARN_OBJC_IMPLICIT_RETAIN_SELF = YES;
				CLANG_WARN_OBJC_LITERAL_CONVERSION = YES;
				CLANG_WARN_OBJC_ROOT_CLASS = YES_ERROR;
				CLANG_WARN_RANGE_LOOP_ANALYSIS = YES;
				CLANG_WARN_STRICT_PROTOTYPES = YES;
				CLANG_WARN_SUSPICIOUS_MOVE = YES;
				CLANG_WARN_UNGUARDED_AVAILABILITY = YES_AGGRESSIVE;
				CLANG_WARN_UNREACHABLE_CODE = YES;
				CLANG_WARN__DUPLICATE_METHOD_MATCH = YES;
				COPY_PHASE_STRIP = NO;
				DEBUG_INFORMATION_FORMAT = "dwarf-with-dsym";
				ENABLE_NS_ASSERTIONS = NO;
				ENABLE_STRICT_OBJC_MSGSEND = YES;
				GCC_C_LANGUAGE_STANDARD = gnu11;
				GCC_NO_COMMON_BLOCKS = YES;
				GCC_WARN_64_TO_32_BIT_CONVERSION = YES;
				GCC_WARN_ABOUT_RETURN_TYPE = YES_ERROR;
				GCC_WARN_UNDECLARED_SELECTOR = YES;
				GCC_WARN_UNINITIALIZED_AUTOS = YES_AGGRESSIVE;
				GCC_WARN_UNUSED_FUNCTION = YES;
				GCC_WARN_UNUSED_VARIABLE = YES;
				IPHONEOS_DEPLOYMENT_TARGET = 13.6;
				MTL_ENABLE_DEBUG_INFO = NO;
				MTL_FAST_MATH = YES;
				SDKROOT = iphoneos;
				SWIFT_COMPILATION_MODE = wholemodule;
				SWIFT_OPTIMIZATION_LEVEL = "-O";
				VALIDATE_PRODUCT = YES;
			};
			name = Release;
		};
		D7AE18A524D0738C00243E1F /* Debug */ = {
			isa = XCBuildConfiguration;
			baseConfigurationReference = 42A89E49543122B96398FBAE /* Pods-ExampleMC3Projects.debug.xcconfig */;
			buildSettings = {
				ALWAYS_EMBED_SWIFT_STANDARD_LIBRARIES = YES;
				ASSETCATALOG_COMPILER_APPICON_NAME = AppIcon;
				CODE_SIGN_STYLE = Automatic;
				DEVELOPMENT_TEAM = 9Y224ZS8GH;
				INFOPLIST_FILE = ExampleMC3Projects/Info.plist;
				IPHONEOS_DEPLOYMENT_TARGET = 13.0;
				LD_RUNPATH_SEARCH_PATHS = (
					"$(inherited)",
					"@executable_path/Frameworks",
				);
				PRODUCT_BUNDLE_IDENTIFIER = com.ajisaputrars.ExampleMC3Projects;
				PRODUCT_NAME = "$(TARGET_NAME)";
				SWIFT_VERSION = 5.0;
				TARGETED_DEVICE_FAMILY = "1,2";
			};
			name = Debug;
		};
		D7AE18A624D0738C00243E1F /* Release */ = {
			isa = XCBuildConfiguration;
			baseConfigurationReference = 1806A01C583F2ADE2339D79C /* Pods-ExampleMC3Projects.release.xcconfig */;
			buildSettings = {
				ALWAYS_EMBED_SWIFT_STANDARD_LIBRARIES = YES;
				ASSETCATALOG_COMPILER_APPICON_NAME = AppIcon;
				CODE_SIGN_STYLE = Automatic;
				DEVELOPMENT_TEAM = 9Y224ZS8GH;
				INFOPLIST_FILE = ExampleMC3Projects/Info.plist;
				IPHONEOS_DEPLOYMENT_TARGET = 13.0;
				LD_RUNPATH_SEARCH_PATHS = (
					"$(inherited)",
					"@executable_path/Frameworks",
				);
				PRODUCT_BUNDLE_IDENTIFIER = com.ajisaputrars.ExampleMC3Projects;
				PRODUCT_NAME = "$(TARGET_NAME)";
				SWIFT_VERSION = 5.0;
				TARGETED_DEVICE_FAMILY = "1,2";
			};
			name = Release;
		};
		D7AE18A824D0738C00243E1F /* Debug */ = {
			isa = XCBuildConfiguration;
			baseConfigurationReference = 6A7DEB0177682CA0882F796B /* Pods-ExampleMC3ProjectsTests.debug.xcconfig */;
			buildSettings = {
				ALWAYS_EMBED_SWIFT_STANDARD_LIBRARIES = YES;
				BUNDLE_LOADER = "$(TEST_HOST)";
				CODE_SIGN_STYLE = Automatic;
				DEVELOPMENT_TEAM = 9Y224ZS8GH;
				INFOPLIST_FILE = ExampleMC3ProjectsTests/Info.plist;
				IPHONEOS_DEPLOYMENT_TARGET = 13.6;
				LD_RUNPATH_SEARCH_PATHS = (
					"$(inherited)",
					"@executable_path/Frameworks",
					"@loader_path/Frameworks",
				);
				PRODUCT_BUNDLE_IDENTIFIER = com.ajisaputrars.ExampleMC3ProjectsTests;
				PRODUCT_NAME = "$(TARGET_NAME)";
				SWIFT_VERSION = 5.0;
				TARGETED_DEVICE_FAMILY = "1,2";
				TEST_HOST = "$(BUILT_PRODUCTS_DIR)/ExampleMC3Projects.app/ExampleMC3Projects";
			};
			name = Debug;
		};
		D7AE18A924D0738C00243E1F /* Release */ = {
			isa = XCBuildConfiguration;
			baseConfigurationReference = C39D733E01BF68A1D318AED8 /* Pods-ExampleMC3ProjectsTests.release.xcconfig */;
			buildSettings = {
				ALWAYS_EMBED_SWIFT_STANDARD_LIBRARIES = YES;
				BUNDLE_LOADER = "$(TEST_HOST)";
				CODE_SIGN_STYLE = Automatic;
				DEVELOPMENT_TEAM = 9Y224ZS8GH;
				INFOPLIST_FILE = ExampleMC3ProjectsTests/Info.plist;
				IPHONEOS_DEPLOYMENT_TARGET = 13.6;
				LD_RUNPATH_SEARCH_PATHS = (
					"$(inherited)",
					"@executable_path/Frameworks",
					"@loader_path/Frameworks",
				);
				PRODUCT_BUNDLE_IDENTIFIER = com.ajisaputrars.ExampleMC3ProjectsTests;
				PRODUCT_NAME = "$(TARGET_NAME)";
				SWIFT_VERSION = 5.0;
				TARGETED_DEVICE_FAMILY = "1,2";
				TEST_HOST = "$(BUILT_PRODUCTS_DIR)/ExampleMC3Projects.app/ExampleMC3Projects";
			};
			name = Release;
		};
		D7AE18AB24D0738C00243E1F /* Debug */ = {
			isa = XCBuildConfiguration;
			baseConfigurationReference = 164BE14C2C5C65BA1EDFA6AF /* Pods-ExampleMC3Projects-ExampleMC3ProjectsUITests.debug.xcconfig */;
			buildSettings = {
				ALWAYS_EMBED_SWIFT_STANDARD_LIBRARIES = YES;
				CODE_SIGN_STYLE = Automatic;
				DEVELOPMENT_TEAM = 9Y224ZS8GH;
				INFOPLIST_FILE = ExampleMC3ProjectsUITests/Info.plist;
				LD_RUNPATH_SEARCH_PATHS = (
					"$(inherited)",
					"@executable_path/Frameworks",
					"@loader_path/Frameworks",
				);
				PRODUCT_BUNDLE_IDENTIFIER = com.ajisaputrars.ExampleMC3ProjectsUITests;
				PRODUCT_NAME = "$(TARGET_NAME)";
				SWIFT_VERSION = 5.0;
				TARGETED_DEVICE_FAMILY = "1,2";
				TEST_TARGET_NAME = ExampleMC3Projects;
			};
			name = Debug;
		};
		D7AE18AC24D0738C00243E1F /* Release */ = {
			isa = XCBuildConfiguration;
			baseConfigurationReference = 9C9CBD4512DD873EBF03D4D3 /* Pods-ExampleMC3Projects-ExampleMC3ProjectsUITests.release.xcconfig */;
			buildSettings = {
				ALWAYS_EMBED_SWIFT_STANDARD_LIBRARIES = YES;
				CODE_SIGN_STYLE = Automatic;
				DEVELOPMENT_TEAM = 9Y224ZS8GH;
				INFOPLIST_FILE = ExampleMC3ProjectsUITests/Info.plist;
				LD_RUNPATH_SEARCH_PATHS = (
					"$(inherited)",
					"@executable_path/Frameworks",
					"@loader_path/Frameworks",
				);
				PRODUCT_BUNDLE_IDENTIFIER = com.ajisaputrars.ExampleMC3ProjectsUITests;
				PRODUCT_NAME = "$(TARGET_NAME)";
				SWIFT_VERSION = 5.0;
				TARGETED_DEVICE_FAMILY = "1,2";
				TEST_TARGET_NAME = ExampleMC3Projects;
			};
			name = Release;
		};
/* End XCBuildConfiguration section */

/* Begin XCConfigurationList section */
		D71C813224D164470076019C /* Build configuration list for PBXNativeTarget "SampleWidget" */ = {
			isa = XCConfigurationList;
			buildConfigurations = (
				D71C813324D164470076019C /* Debug */,
				D71C813424D164470076019C /* Release */,
			);
			defaultConfigurationIsVisible = 0;
			defaultConfigurationName = Release;
		};
		D7AE187224D0738A00243E1F /* Build configuration list for PBXProject "ExampleMC3Projects" */ = {
			isa = XCConfigurationList;
			buildConfigurations = (
				D7AE18A224D0738C00243E1F /* Debug */,
				D7AE18A324D0738C00243E1F /* Release */,
			);
			defaultConfigurationIsVisible = 0;
			defaultConfigurationName = Release;
		};
		D7AE18A424D0738C00243E1F /* Build configuration list for PBXNativeTarget "ExampleMC3Projects" */ = {
			isa = XCConfigurationList;
			buildConfigurations = (
				D7AE18A524D0738C00243E1F /* Debug */,
				D7AE18A624D0738C00243E1F /* Release */,
			);
			defaultConfigurationIsVisible = 0;
			defaultConfigurationName = Release;
		};
		D7AE18A724D0738C00243E1F /* Build configuration list for PBXNativeTarget "ExampleMC3ProjectsTests" */ = {
			isa = XCConfigurationList;
			buildConfigurations = (
				D7AE18A824D0738C00243E1F /* Debug */,
				D7AE18A924D0738C00243E1F /* Release */,
			);
			defaultConfigurationIsVisible = 0;
			defaultConfigurationName = Release;
		};
		D7AE18AA24D0738C00243E1F /* Build configuration list for PBXNativeTarget "ExampleMC3ProjectsUITests" */ = {
			isa = XCConfigurationList;
			buildConfigurations = (
				D7AE18AB24D0738C00243E1F /* Debug */,
				D7AE18AC24D0738C00243E1F /* Release */,
			);
			defaultConfigurationIsVisible = 0;
			defaultConfigurationName = Release;
		};
/* End XCConfigurationList section */

/* Begin XCVersionGroup section */
		D7AE188324D0738A00243E1F /* ExampleMC3Projects.xcdatamodeld */ = {
			isa = XCVersionGroup;
			children = (
				D7AE188424D0738A00243E1F /* ExampleMC3Projects.xcdatamodel */,
			);
			currentVersion = D7AE188424D0738A00243E1F /* ExampleMC3Projects.xcdatamodel */;
			path = ExampleMC3Projects.xcdatamodeld;
			sourceTree = "<group>";
			versionGroupType = wrapper.xcdatamodel;
		};
/* End XCVersionGroup section */
	};
	rootObject = D7AE186F24D0738A00243E1F /* Project object */;
}
